
Microsoft Visual Studio Solution File, Format Version 12.00
# Visual Studio Version 16
VisualStudioVersion = 16.0.30225.117
MinimumVisualStudioVersion = 10.0.40219.1
Project("{9A19103F-16F7-4668-BE54-9A1E7A4F7556}") = "UsingControls", "UsingControls.csproj", "{D37A6DB9-9B00-492C-B492-F67415856A0A}"
EndProject
Global
	GlobalSection(SolutionConfigurationPlatforms) = preSolution
		Debug|Any CPU = Debug|Any CPU
		Release|Any CPU = Release|Any CPU
	EndGlobalSection
	GlobalSection(ProjectConfigurationPlatforms) = postSolution
		{D37A6DB9-9B00-492C-B492-F67415856A0A}.Debug|Any CPU.ActiveCfg = Debug|Any CPU
		{D37A6DB9-9B00-492C-B492-F67415856A0A}.Debug|Any CPU.Build.0 = Debug|Any CPU
		{D37A6DB9-9B00-492C-B492-F67415856A0A}.Release|Any CPU.ActiveCfg = Release|Any CPU
		{D37A6DB9-9B00-492C-B492-F67415856A0A}.Release|Any CPU.Build.0 = Release|Any CPU
	EndGlobalSection
	GlobalSection(SolutionProperties) = preSolution
		HideSolutionNode = FALSE
	EndGlobalSection
	GlobalSection(ExtensibilityGlobals) = postSolution
		SolutionGuid = {9B55F656-D33E-46FE-A07E-0235891F0177}
	EndGlobalSection
EndGlobal
