
Microsoft Visual Studio Solution File, Format Version 12.00
# Visual Studio Version 16
VisualStudioVersion = 16.0.30204.135
MinimumVisualStudioVersion = 10.0.40219.1
Project("{FAE04EC0-301F-11D3-BF4B-00C04F79EFBC}") = "Hello", "Hello.csproj", "{BC9D7786-0924-407F-AF02-70F94292E614}"
EndProject
Global
	GlobalSection(SolutionConfigurationPlatforms) = preSolution
		Debug|Any CPU = Debug|Any CPU
		Release|Any CPU = Release|Any CPU
	EndGlobalSection
	GlobalSection(ProjectConfigurationPlatforms) = postSolution
		{BC9D7786-0924-407F-AF02-70F94292E614}.Debug|Any CPU.ActiveCfg = Debug|Any CPU
		{BC9D7786-0924-407F-AF02-70F94292E614}.Debug|Any CPU.Build.0 = Debug|Any CPU
		{BC9D7786-0924-407F-AF02-70F94292E614}.Release|Any CPU.ActiveCfg = Release|Any CPU
		{BC9D7786-0924-407F-AF02-70F94292E614}.Release|Any CPU.Build.0 = Release|Any CPU
	EndGlobalSection
	GlobalSection(SolutionProperties) = preSolution
		HideSolutionNode = FALSE
	EndGlobalSection
	GlobalSection(ExtensibilityGlobals) = postSolution
		SolutionGuid = {D0E6CD40-BB0E-4EB0-BFE6-ADB72A162C03}
	EndGlobalSection
EndGlobal
